{
  "nodes": {
    "calepin-src": {
      "flake": false,
      "locked": {
        "lastModified": 1787749412,
        "narHash": "sha256-sVNztDK/VdWCEe2WJ8qz+zQnlz8kHnJYOPws67/T/vY=",
        "owner": "vincentarelbundock",
        "repo": "calepin",
        "rev": "75300a70881af3b5547cc3d4686a0bbf3a2261c8",
        "type": "github"
      },
      "original": {
        "owner": "vincentarelbundock",
        "ref": "v0.0.57",
        "repo": "calepin",
        "type": "github"
      }
    },
    "nixpkgs": {
      "locked": {
        "lastModified": 1788039129,
        "narHash": "sha256-pa4Q0qErvCvzCaaUph7Sm37RhR4xvPrYI8Lgz6k85+A=",
        "owner": "NixOS",
        "repo": "nixpkgs",
        "rev": "d2f67949798825fe853f7c5d0492b8bf016d3f88",
        "type": "github"
      },
      "original": {
        "owner": "NixOS",
        "repo": "nixpkgs",
        "rev": "d2f67949798825fe853f7c5d0492b8bf016d3f88",
        "type": "github"
      }
    },
    "root": {
      "inputs": {
        "calepin-src": "calepin-src",
        "nixpkgs": "nixpkgs"
      }
    }
  },
  "root": "root",
  "version": 7
}
